{
  "originHash" : "d3f57678c8e844f6b8cd50048f3a3d524dee55091cb2865a1dfb044dda4441a8",
  "pins" : [
    {
      "identity" : "audiokit",
      "kind" : "remoteSourceControl",
      "location" : "https://github.com/AudioKit/AudioKit",
      "state" : {
        "revision" : "5b3fd238ef8ee95c9842ca4ea83ca58ee151e630",
        "version" : "5.6.5"
      }
    },
    {
      "identity" : "audiokitex",
      "kind" : "remoteSourceControl",
      "location" : "https://github.com/AudioKit/AudioKitEX",
      "state" : {
        "revision" : "23e8e3bffd9fbc1dffa72f1d47c7f714dd777288",
        "version" : "5.6.2"
      }
    },
    {
      "identity" : "lottie-ios",
      "kind" : "remoteSourceControl",
      "location" : "https://github.com/airbnb/lottie-ios.git",
      "state" : {
        "revision" : "047aa81b77adcbf583a966dfef620d17650cc656",
        "version" : "4.5.1"
      }
    }
  ],
  "version" : 3
}
